
Microsoft Visual Studio Solution File, Format Version 12.00
# Visual Studio 15
VisualStudioVersion = 15.0.27130.2003
MinimumVisualStudioVersion = 10.0.40219.1
Project("{FAE04EC0-301F-11D3-BF4B-00C04F79EFBC}") = "InfoPortal", "InfoPortal\InfoPortal.csproj", "{67D9BA4E-08F4-4B72-880C-F3DBEDC35F74}"
EndProject
Project("{FAE04EC0-301F-11D3-BF4B-00C04F79EFBC}") = "Common", "Common\Common.csproj", "{B7A3CF8B-9FF8-4A2F-BB62-B28C4BDB87FD}"
EndProject
Project("{FAE04EC0-301F-11D3-BF4B-00C04F79EFBC}") = "DataAcces", "DataAcces\DataAcces.csproj", "{FA8D9947-16A7-41DC-9368-98470B5C8078}"
EndProject
Project("{FAE04EC0-301F-11D3-BF4B-00C04F79EFBC}") = "BuisnesLogic", "BuisnesLogic\BuisnesLogic.csproj", "{7E305576-BB8D-493F-BA06-FB263674AF5B}"
EndProject
Project("{FAE04EC0-301F-11D3-BF4B-00C04F79EFBC}") = "DependencyInjection", "DependencyInjection\DependencyInjection.csproj", "{6E300538-08F1-44D3-AD86-FFDFCEBECA5E}"
EndProject
Global
	GlobalSection(SolutionConfigurationPlatforms) = preSolution
		Debug|Any CPU = Debug|Any CPU
		Release|Any CPU = Release|Any CPU
	EndGlobalSection
	GlobalSection(ProjectConfigurationPlatforms) = postSolution
		{67D9BA4E-08F4-4B72-880C-F3DBEDC35F74}.Debug|Any CPU.ActiveCfg = Debug|Any CPU
		{67D9BA4E-08F4-4B72-880C-F3DBEDC35F74}.Debug|Any CPU.Build.0 = Debug|Any CPU
		{67D9BA4E-08F4-4B72-880C-F3DBEDC35F74}.Release|Any CPU.ActiveCfg = Release|Any CPU
		{67D9BA4E-08F4-4B72-880C-F3DBEDC35F74}.Release|Any CPU.Build.0 = Release|Any CPU
		{B7A3CF8B-9FF8-4A2F-BB62-B28C4BDB87FD}.Debug|Any CPU.ActiveCfg = Debug|Any CPU
		{B7A3CF8B-9FF8-4A2F-BB62-B28C4BDB87FD}.Debug|Any CPU.Build.0 = Debug|Any CPU
		{B7A3CF8B-9FF8-4A2F-BB62-B28C4BDB87FD}.Release|Any CPU.ActiveCfg = Release|Any CPU
		{B7A3CF8B-9FF8-4A2F-BB62-B28C4BDB87FD}.Release|Any CPU.Build.0 = Release|Any CPU
		{FA8D9947-16A7-41DC-9368-98470B5C8078}.Debug|Any CPU.ActiveCfg = Debug|Any CPU
		{FA8D9947-16A7-41DC-9368-98470B5C8078}.Debug|Any CPU.Build.0 = Debug|Any CPU
		{FA8D9947-16A7-41DC-9368-98470B5C8078}.Release|Any CPU.ActiveCfg = Release|Any CPU
		{FA8D9947-16A7-41DC-9368-98470B5C8078}.Release|Any CPU.Build.0 = Release|Any CPU
		{7E305576-BB8D-493F-BA06-FB263674AF5B}.Debug|Any CPU.ActiveCfg = Debug|Any CPU
		{7E305576-BB8D-493F-BA06-FB263674AF5B}.Debug|Any CPU.Build.0 = Debug|Any CPU
		{7E305576-BB8D-493F-BA06-FB263674AF5B}.Release|Any CPU.ActiveCfg = Release|Any CPU
		{7E305576-BB8D-493F-BA06-FB263674AF5B}.Release|Any CPU.Build.0 = Release|Any CPU
		{6E300538-08F1-44D3-AD86-FFDFCEBECA5E}.Debug|Any CPU.ActiveCfg = Debug|Any CPU
		{6E300538-08F1-44D3-AD86-FFDFCEBECA5E}.Debug|Any CPU.Build.0 = Debug|Any CPU
		{6E300538-08F1-44D3-AD86-FFDFCEBECA5E}.Release|Any CPU.ActiveCfg = Release|Any CPU
		{6E300538-08F1-44D3-AD86-FFDFCEBECA5E}.Release|Any CPU.Build.0 = Release|Any CPU
	EndGlobalSection
	GlobalSection(SolutionProperties) = preSolution
		HideSolutionNode = FALSE
	EndGlobalSection
	GlobalSection(ExtensibilityGlobals) = postSolution
		SolutionGuid = {C130FF4A-D2A1-4173-8655-3DAD151E09F9}
	EndGlobalSection
EndGlobal
